PODS:
  - Google-Mobile-Ads-SDK (7.31.0)
  - QBImagePickerController (3.4.0)
  - RSKImageCropper (2.1.0)

DEPENDENCIES:
  - Google-Mobile-Ads-SDK
  - QBImagePickerController
  - RSKImageCropper

SPEC REPOS:
  https://github.com/cocoapods/specs.git:
    - Google-Mobile-Ads-SDK
    - QBImagePickerController
    - RSKImageCropper

SPEC CHECKSUMS:
  Google-Mobile-Ads-SDK: 6e529e748b45507a2ca904e0b5a52669ba3920c4
  QBImagePickerController: d54cf93db6decf26baf6ed3472f336ef35cae022
  RSKImageCropper: 0d0c6d8525a2381f03fde32a47c6703817a2feed

PODFILE CHECKSUM: 6222dcecebf24dd37c94dbc5c92474a4142774a1

COCOAPODS: 1.5.3
